
Microsoft Visual Studio Solution File, Format Version 12.00
# Visual Studio Version 16
VisualStudioVersion = 16.0.34301.259
MinimumVisualStudioVersion = 10.0.40219.1
Project("{FAE04EC0-301F-11D3-BF4B-00C04F79EFBC}") = "LabDeRepaso2", "LabDeRepaso2.csproj", "{B878192B-E71E-41C2-ACAD-349CA23C3D04}"
EndProject
Global
	GlobalSection(SolutionConfigurationPlatforms) = preSolution
		Debug|Any CPU = Debug|Any CPU
		Release|Any CPU = Release|Any CPU
	EndGlobalSection
	GlobalSection(ProjectConfigurationPlatforms) = postSolution
		{B878192B-E71E-41C2-ACAD-349CA23C3D04}.Debug|Any CPU.ActiveCfg = Debug|Any CPU
		{B878192B-E71E-41C2-ACAD-349CA23C3D04}.Debug|Any CPU.Build.0 = Debug|Any CPU
		{B878192B-E71E-41C2-ACAD-349CA23C3D04}.Release|Any CPU.ActiveCfg = Release|Any CPU
		{B878192B-E71E-41C2-ACAD-349CA23C3D04}.Release|Any CPU.Build.0 = Release|Any CPU
	EndGlobalSection
	GlobalSection(SolutionProperties) = preSolution
		HideSolutionNode = FALSE
	EndGlobalSection
	GlobalSection(ExtensibilityGlobals) = postSolution
		SolutionGuid = {E415B369-0EEC-4F54-8DDF-41BA93FD5822}
	EndGlobalSection
EndGlobal
